
Microsoft Visual Studio Solution File, Format Version 12.00
# Visual Studio Version 16
VisualStudioVersion = 16.0.31702.278
MinimumVisualStudioVersion = 10.0.40219.1
Project("{FAE04EC0-301F-11D3-BF4B-00C04F79EFBC}") = "PlanningDiscord", "PlanningDiscord\PlanningDiscord.csproj", "{AA15D142-13B3-4CAB-BA03-056454199606}"
EndProject
Project("{FAE04EC0-301F-11D3-BF4B-00C04F79EFBC}") = "PlanningRead", "PlanningRead\PlanningRead.csproj", "{682C0614-4194-4FF4-871A-5AA135528FBD}"
EndProject
Global
	GlobalSection(SolutionConfigurationPlatforms) = preSolution
		Debug|Any CPU = Debug|Any CPU
		Release|Any CPU = Release|Any CPU
	EndGlobalSection
	GlobalSection(ProjectConfigurationPlatforms) = postSolution
		{AA15D142-13B3-4CAB-BA03-056454199606}.Debug|Any CPU.ActiveCfg = Debug|Any CPU
		{AA15D142-13B3-4CAB-BA03-056454199606}.Debug|Any CPU.Build.0 = Debug|Any CPU
		{AA15D142-13B3-4CAB-BA03-056454199606}.Release|Any CPU.ActiveCfg = Release|Any CPU
		{AA15D142-13B3-4CAB-BA03-056454199606}.Release|Any CPU.Build.0 = Release|Any CPU
		{682C0614-4194-4FF4-871A-5AA135528FBD}.Debug|Any CPU.ActiveCfg = Debug|Any CPU
		{682C0614-4194-4FF4-871A-5AA135528FBD}.Debug|Any CPU.Build.0 = Debug|Any CPU
		{682C0614-4194-4FF4-871A-5AA135528FBD}.Release|Any CPU.ActiveCfg = Release|Any CPU
		{682C0614-4194-4FF4-871A-5AA135528FBD}.Release|Any CPU.Build.0 = Release|Any CPU
	EndGlobalSection
	GlobalSection(SolutionProperties) = preSolution
		HideSolutionNode = FALSE
	EndGlobalSection
	GlobalSection(ExtensibilityGlobals) = postSolution
		SolutionGuid = {4F4E8F05-E079-45A8-BE11-FD7C7CD159D5}
	EndGlobalSection
EndGlobal
